// !$*UTF8*$!
{
	archiveVersion = 1;
	classes = {
	};
	objectVersion = 50;
	objects = {

/* Begin PBXBuildFile section */
		F472209626EA23AC00576190 /* AppDelegate.swift in Sources */ = {isa = PBXBuildFile; fileRef = F472209526EA23AC00576190 /* AppDelegate.swift */; };
		F472209826EA23AC00576190 /* SceneDelegate.swift in Sources */ = {isa = PBXBuildFile; fileRef = F472209726EA23AC00576190 /* SceneDelegate.swift */; };
		F472209A26EA23AC00576190 /* ViewController.swift in Sources */ = {isa = PBXBuildFile; fileRef = F472209926EA23AC00576190 /* ViewController.swift */; };
		F472209D26EA23AC00576190 /* Main.storyboard in Resources */ = {isa = PBXBuildFile; fileRef = F472209B26EA23AC00576190 /* Main.storyboard */; };
		F472209F26EA23AD00576190 /* Assets.xcassets in Resources */ = {isa = PBXBuildFile; fileRef = F472209E26EA23AD00576190 /* Assets.xcassets */; };
		F47220A226EA23AD00576190 /* LaunchScreen.storyboard in Resources */ = {isa = PBXBuildFile; fileRef = F47220A026EA23AD00576190 /* LaunchScreen.storyboard */; };
		F47220AC26EA24C300576190 /* Model.xcdatamodeld in Sources */ = {isa = PBXBuildFile; fileRef = F47220AA26EA24C300576190 /* Model.xcdatamodeld */; };
		F47220B926EA276100576190 /* ExpensesManager.swift in Sources */ = {isa = PBXBuildFile; fileRef = F47220B826EA276100576190 /* ExpensesManager.swift */; };
		F47220BD26EA2D0500576190 /* UserDefaultManager.swift in Sources */ = {isa = PBXBuildFile; fileRef = F47220BC26EA2D0500576190 /* UserDefaultManager.swift */; };
		F47220C226EA383500576190 /* ExpenseTableViewCell.swift in Sources */ = {isa = PBXBuildFile; fileRef = F47220C026EA383500576190 /* ExpenseTableViewCell.swift */; };
		F47220C326EA383500576190 /* ExpenseTableViewCell.xib in Resources */ = {isa = PBXBuildFile; fileRef = F47220C126EA383500576190 /* ExpenseTableViewCell.xib */; };
		F47220CC26EA3E9E00576190 /* ExpenseSection+CoreDataClass.swift in Sources */ = {isa = PBXBuildFile; fileRef = F47220C826EA3E9E00576190 /* ExpenseSection+CoreDataClass.swift */; };
		F47220CD26EA3E9E00576190 /* ExpenseSection+CoreDataProperties.swift in Sources */ = {isa = PBXBuildFile; fileRef = F47220C926EA3E9E00576190 /* ExpenseSection+CoreDataProperties.swift */; };
		F47220CE26EA3E9E00576190 /* Expense+CoreDataClass.swift in Sources */ = {isa = PBXBuildFile; fileRef = F47220CA26EA3E9E00576190 /* Expense+CoreDataClass.swift */; };
		F47220CF26EA3E9E00576190 /* Expense+CoreDataProperties.swift in Sources */ = {isa = PBXBuildFile; fileRef = F47220CB26EA3E9E00576190 /* Expense+CoreDataProperties.swift */; };
		F47220D726EA546100576190 /* AddExpenseViewController.swift in Sources */ = {isa = PBXBuildFile; fileRef = F47220D626EA546100576190 /* AddExpenseViewController.swift */; };
/* End PBXBuildFile section */

/* Begin PBXFileReference section */
		F472209226EA23AB00576190 /* iOS-EVAL-4.app */ = {isa = PBXFileReference; explicitFileType = wrapper.application; includeInIndex = 0; path = "iOS-EVAL-4.app"; sourceTree = BUILT_PRODUCTS_DIR; };
		F472209526EA23AC00576190 /* AppDelegate.swift */ = {isa = PBXFileReference; lastKnownFileType = sourcecode.swift; path = AppDelegate.swift; sourceTree = "<group>"; };
		F472209726EA23AC00576190 /* SceneDelegate.swift */ = {isa = PBXFileReference; lastKnownFileType = sourcecode.swift; path = SceneDelegate.swift; sourceTree = "<group>"; };
		F472209926EA23AC00576190 /* ViewController.swift */ = {isa = PBXFileReference; lastKnownFileType = sourcecode.swift; path = ViewController.swift; sourceTree = "<group>"; };
		F472209C26EA23AC00576190 /* Base */ = {isa = PBXFileReference; lastKnownFileType = file.storyboard; name = Base; path = Base.lproj/Main.storyboard; sourceTree = "<group>"; };
		F472209E26EA23AD00576190 /* Assets.xcassets */ = {isa = PBXFileReference; lastKnownFileType = folder.assetcatalog; path = Assets.xcassets; sourceTree = "<group>"; };
		F47220A126EA23AD00576190 /* Base */ = {isa = PBXFileReference; lastKnownFileType = file.storyboard; name = Base; path = Base.lproj/LaunchScreen.storyboard; sourceTree = "<group>"; };
		F47220A326EA23AD00576190 /* Info.plist */ = {isa = PBXFileReference; lastKnownFileType = text.plist.xml; path = Info.plist; sourceTree = "<group>"; };
		F47220AB26EA24C300576190 /* Model.xcdatamodel */ = {isa = PBXFileReference; lastKnownFileType = wrapper.xcdatamodel; path = Model.xcdatamodel; sourceTree = "<group>"; };
		F47220B826EA276100576190 /* ExpensesManager.swift */ = {isa = PBXFileReference; lastKnownFileType = sourcecode.swift; path = ExpensesManager.swift; sourceTree = "<group>"; };
		F47220BC26EA2D0500576190 /* UserDefaultManager.swift */ = {isa = PBXFileReference; lastKnownFileType = sourcecode.swift; path = UserDefaultManager.swift; sourceTree = "<group>"; };
		F47220C026EA383500576190 /* ExpenseTableViewCell.swift */ = {isa = PBXFileReference; lastKnownFileType = sourcecode.swift; path = ExpenseTableViewCell.swift; sourceTree = "<group>"; };
		F47220C126EA383500576190 /* ExpenseTableViewCell.xib */ = {isa = PBXFileReference; lastKnownFileType = file.xib; path = ExpenseTableViewCell.xib; sourceTree = "<group>"; };
		F47220C826EA3E9E00576190 /* ExpenseSection+CoreDataClass.swift */ = {isa = PBXFileReference; lastKnownFileType = sourcecode.swift; path = "ExpenseSection+CoreDataClass.swift"; sourceTree = "<group>"; };
		F47220C926EA3E9E00576190 /* ExpenseSection+CoreDataProperties.swift */ = {isa = PBXFileReference; lastKnownFileType = sourcecode.swift; path = "ExpenseSection+CoreDataProperties.swift"; sourceTree = "<group>"; };
		F47220CA26EA3E9E00576190 /* Expense+CoreDataClass.swift */ = {isa = PBXFileReference; lastKnownFileType = sourcecode.swift; path = "Expense+CoreDataClass.swift"; sourceTree = "<group>"; };
		F47220CB26EA3E9E00576190 /* Expense+CoreDataProperties.swift */ = {isa = PBXFileReference; lastKnownFileType = sourcecode.swift; path = "Expense+CoreDataProperties.swift"; sourceTree = "<group>"; };
		F47220D626EA546100576190 /* AddExpenseViewController.swift */ = {isa = PBXFileReference; lastKnownFileType = sourcecode.swift; path = AddExpenseViewController.swift; sourceTree = "<group>"; };
/* End PBXFileReference section */

/* Begin PBXFrameworksBuildPhase section */
		F472208F26EA23AB00576190 /* Frameworks */ = {
			isa = PBXFrameworksBuildPhase;
			buildActionMask = 2147483647;
			files = (
			);
			runOnlyForDeploymentPostprocessing = 0;
		};
/* End PBXFrameworksBuildPhase section */

/* Begin PBXGroup section */
		F472208926EA23AB00576190 = {
			isa = PBXGroup;
			children = (
				F472209426EA23AB00576190 /* iOS-EVAL-4 */,
				F472209326EA23AB00576190 /* Products */,
			);
			sourceTree = "<group>";
		};
		F472209326EA23AB00576190 /* Products */ = {
			isa = PBXGroup;
			children = (
				F472209226EA23AB00576190 /* iOS-EVAL-4.app */,
			);
			name = Products;
			sourceTree = "<group>";
		};
		F472209426EA23AB00576190 /* iOS-EVAL-4 */ = {
			isa = PBXGroup;
			children = (
				F47220C526EA383B00576190 /* ui */,
				F47220B726EA273100576190 /* model */,
				F472209526EA23AC00576190 /* AppDelegate.swift */,
				F472209726EA23AC00576190 /* SceneDelegate.swift */,
				F472209B26EA23AC00576190 /* Main.storyboard */,
				F472209E26EA23AD00576190 /* Assets.xcassets */,
				F47220A026EA23AD00576190 /* LaunchScreen.storyboard */,
				F47220A326EA23AD00576190 /* Info.plist */,
				F47220BC26EA2D0500576190 /* UserDefaultManager.swift */,
			);
			path = "iOS-EVAL-4";
			sourceTree = "<group>";
		};
		F47220B726EA273100576190 /* model */ = {
			isa = PBXGroup;
			children = (
				F47220C826EA3E9E00576190 /* ExpenseSection+CoreDataClass.swift */,
				F47220C926EA3E9E00576190 /* ExpenseSection+CoreDataProperties.swift */,
				F47220CA26EA3E9E00576190 /* Expense+CoreDataClass.swift */,
				F47220CB26EA3E9E00576190 /* Expense+CoreDataProperties.swift */,
				F47220AA26EA24C300576190 /* Model.xcdatamodeld */,
				F47220B826EA276100576190 /* ExpensesManager.swift */,
			);
			path = model;
			sourceTree = "<group>";
		};
		F47220C526EA383B00576190 /* ui */ = {
			isa = PBXGroup;
			children = (
				F472209926EA23AC00576190 /* ViewController.swift */,
				F47220C026EA383500576190 /* ExpenseTableViewCell.swift */,
				F47220C126EA383500576190 /* ExpenseTableViewCell.xib */,
				F47220D626EA546100576190 /* AddExpenseViewController.swift */,
			);
			path = ui;
			sourceTree = "<group>";
		};
/* End PBXGroup section */

/* Begin PBXNativeTarget section */
		F472209126EA23AB00576190 /* iOS-EVAL-4 */ = {
			isa = PBXNativeTarget;
			buildConfigurationList = F47220A626EA23AD00576190 /* Build configuration list for PBXNativeTarget "iOS-EVAL-4" */;
			buildPhases = (
				F472208E26EA23AB00576190 /* Sources */,
				F472208F26EA23AB00576190 /* Frameworks */,
				F472209026EA23AB00576190 /* Resources */,
			);
			buildRules = (
			);
			dependencies = (
			);
			name = "iOS-EVAL-4";
			productName = "iOS-EVAL-4";
			productReference = F472209226EA23AB00576190 /* iOS-EVAL-4.app */;
			productType = "com.apple.product-type.application";
		};
/* End PBXNativeTarget section */

/* Begin PBXProject section */
		F472208A26EA23AB00576190 /* Project object */ = {
			isa = PBXProject;
			attributes = {
				LastSwiftUpdateCheck = 1240;
				LastUpgradeCheck = 1240;
				TargetAttributes = {
					F472209126EA23AB00576190 = {
						CreatedOnToolsVersion = 12.4;
					};
				};
			};
			buildConfigurationList = F472208D26EA23AB00576190 /* Build configuration list for PBXProject "iOS-EVAL-4" */;
			compatibilityVersion = "Xcode 9.3";
			developmentRegion = en;
			hasScannedForEncodings = 0;
			knownRegions = (
				en,
				Base,
			);
			mainGroup = F472208926EA23AB00576190;
			productRefGroup = F472209326EA23AB00576190 /* Products */;
			projectDirPath = "";
			projectRoot = "";
			targets = (
				F472209126EA23AB00576190 /* iOS-EVAL-4 */,
			);
		};
/* End PBXProject section */

/* Begin PBXResourcesBuildPhase section */
		F472209026EA23AB00576190 /* Resources */ = {
			isa = PBXResourcesBuildPhase;
			buildActionMask = 2147483647;
			files = (
				F47220C326EA383500576190 /* ExpenseTableViewCell.xib in Resources */,
				F47220A226EA23AD00576190 /* LaunchScreen.storyboard in Resources */,
				F472209F26EA23AD00576190 /* Assets.xcassets in Resources */,
				F472209D26EA23AC00576190 /* Main.storyboard in Resources */,
			);
			runOnlyForDeploymentPostprocessing = 0;
		};
/* End PBXResourcesBuildPhase section */

/* Begin PBXSourcesBuildPhase section */
		F472208E26EA23AB00576190 /* Sources */ = {
			isa = PBXSourcesBuildPhase;
			buildActionMask = 2147483647;
			files = (
				F47220CE26EA3E9E00576190 /* Expense+CoreDataClass.swift in Sources */,
				F47220D726EA546100576190 /* AddExpenseViewController.swift in Sources */,
				F472209A26EA23AC00576190 /* ViewController.swift in Sources */,
				F472209626EA23AC00576190 /* AppDelegate.swift in Sources */,
				F47220BD26EA2D0500576190 /* UserDefaultManager.swift in Sources */,
				F47220CC26EA3E9E00576190 /* ExpenseSection+CoreDataClass.swift in Sources */,
				F47220B926EA276100576190 /* ExpensesManager.swift in Sources */,
				F47220C226EA383500576190 /* ExpenseTableViewCell.swift in Sources */,
				F47220CF26EA3E9E00576190 /* Expense+CoreDataProperties.swift in Sources */,
				F472209826EA23AC00576190 /* SceneDelegate.swift in Sources */,
				F47220CD26EA3E9E00576190 /* ExpenseSection+CoreDataProperties.swift in Sources */,
				F47220AC26EA24C300576190 /* Model.xcdatamodeld in Sources */,
			);
			runOnlyForDeploymentPostprocessing = 0;
		};
/* End PBXSourcesBuildPhase section */

/* Begin PBXVariantGroup section */
		F472209B26EA23AC00576190 /* Main.storyboard */ = {
			isa = PBXVariantGroup;
			children = (
				F472209C26EA23AC00576190 /* Base */,
			);
			name = Main.storyboard;
			sourceTree = "<group>";
		};
		F47220A026EA23AD00576190 /* LaunchScreen.storyboard */ = {
			isa = PBXVariantGroup;
			children = (
				F47220A126EA23AD00576190 /* Base */,
			);
			name = LaunchScreen.storyboard;
			sourceTree = "<group>";
		};
/* End PBXVariantGroup section */

/* Begin XCBuildConfiguration section */
		F47220A426EA23AD00576190 /* Debug */ = {
			isa = XCBuildConfiguration;
			buildSettings = {
				ALWAYS_SEARCH_USER_PATHS = NO;
				CLANG_ANALYZER_NONNULL = YES;
				CLANG_ANALYZER_NUMBER_OBJECT_CONVERSION = YES_AGGRESSIVE;
				CLANG_CXX_LANGUAGE_STANDARD = "gnu++14";
				CLANG_CXX_LIBRARY = "libc++";
				CLANG_ENABLE_MODULES = YES;
				CLANG_ENABLE_OBJC_ARC = YES;
				CLANG_ENABLE_OBJC_WEAK = YES;
				CLANG_WARN_BLOCK_CAPTURE_AUTORELEASING = YES;
				CLANG_WARN_BOOL_CONVERSION = YES;
				CLANG_WARN_COMMA = YES;
				CLANG_WARN_CONSTANT_CONVERSION = YES;
				CLANG_WARN_DEPRECATED_OBJC_IMPLEMENTATIONS = YES;
				CLANG_WARN_DIRECT_OBJC_ISA_USAGE = YES_ERROR;
				CLANG_WARN_DOCUMENTATION_COMMENTS = YES;
				CLANG_WARN_EMPTY_BODY = YES;
				CLANG_WARN_ENUM_CONVERSION = YES;
				CLANG_WARN_INFINITE_RECURSION = YES;
				CLANG_WARN_INT_CONVERSION = YES;
				CLANG_WARN_NON_LITERAL_NULL_CONVERSION = YES;
				CLANG_WARN_OBJC_IMPLICIT_RETAIN_SELF = YES;
				CLANG_WARN_OBJC_LITERAL_CONVERSION = YES;
				CLANG_WARN_OBJC_ROOT_CLASS = YES_ERROR;
				CLANG_WARN_QUOTED_INCLUDE_IN_FRAMEWORK_HEADER = YES;
				CLANG_WARN_RANGE_LOOP_ANALYSIS = YES;
				CLANG_WARN_STRICT_PROTOTYPES = YES;
				CLANG_WARN_SUSPICIOUS_MOVE = YES;
				CLANG_WARN_UNGUARDED_AVAILABILITY = YES_AGGRESSIVE;
				CLANG_WARN_UNREACHABLE_CODE = YES;
				CLANG_WARN__DUPLICATE_METHOD_MATCH = YES;
				COPY_PHASE_STRIP = NO;
				DEBUG_INFORMATION_FORMAT = dwarf;
				ENABLE_STRICT_OBJC_MSGSEND = YES;
				ENABLE_TESTABILITY = YES;
				GCC_C_LANGUAGE_STANDARD = gnu11;
				GCC_DYNAMIC_NO_PIC = NO;
				GCC_NO_COMMON_BLOCKS = YES;
				GCC_OPTIMIZATION_LEVEL = 0;
				GCC_PREPROCESSOR_DEFINITIONS = (
					"DEBUG=1",
					"$(inherited)",
				);
				GCC_WARN_64_TO_32_BIT_CONVERSION = YES;
				GCC_WARN_ABOUT_RETURN_TYPE = YES_ERROR;
				GCC_WARN_UNDECLARED_SELECTOR = YES;
				GCC_WARN_UNINITIALIZED_AUTOS = YES_AGGRESSIVE;
				GCC_WARN_UNUSED_FUNCTION = YES;
				GCC_WARN_UNUSED_VARIABLE = YES;
				IPHONEOS_DEPLOYMENT_TARGET = 14.4;
				MTL_ENABLE_DEBUG_INFO = INCLUDE_SOURCE;
				MTL_FAST_MATH = YES;
				ONLY_ACTIVE_ARCH = YES;
				SDKROOT = iphoneos;
				SWIFT_ACTIVE_COMPILATION_CONDITIONS = DEBUG;
				SWIFT_OPTIMIZATION_LEVEL = "-Onone";
			};
			name = Debug;
		};
		F47220A526EA23AD00576190 /* Release */ = {
			isa = XCBuildConfiguration;
			buildSettings = {
				ALWAYS_SEARCH_USER_PATHS = NO;
				CLANG_ANALYZER_NONNULL = YES;
				CLANG_ANALYZER_NUMBER_OBJECT_CONVERSION = YES_AGGRESSIVE;
				CLANG_CXX_LANGUAGE_STANDARD = "gnu++14";
				CLANG_CXX_LIBRARY = "libc++";
				CLANG_ENABLE_MODULES = YES;
				CLANG_ENABLE_OBJC_ARC = YES;
				CLANG_ENABLE_OBJC_WEAK = YES;
				CLANG_WARN_BLOCK_CAPTURE_AUTORELEASING = YES;
				CLANG_WARN_BOOL_CONVERSION = YES;
				CLANG_WARN_COMMA = YES;
				CLANG_WARN_CONSTANT_CONVERSION = YES;
				CLANG_WARN_DEPRECATED_OBJC_IMPLEMENTATIONS = YES;
				CLANG_WARN_DIRECT_OBJC_ISA_USAGE = YES_ERROR;
				CLANG_WARN_DOCUMENTATION_COMMENTS = YES;
				CLANG_WARN_EMPTY_BODY = YES;
				CLANG_WARN_ENUM_CONVERSION = YES;
				CLANG_WARN_INFINITE_RECURSION = YES;
				CLANG_WARN_INT_CONVERSION = YES;
				CLANG_WARN_NON_LITERAL_NULL_CONVERSION = YES;
				CLANG_WARN_OBJC_IMPLICIT_RETAIN_SELF = YES;
				CLANG_WARN_OBJC_LITERAL_CONVERSION = YES;
				CLANG_WARN_OBJC_ROOT_CLASS = YES_ERROR;
				CLANG_WARN_QUOTED_INCLUDE_IN_FRAMEWORK_HEADER = YES;
				CLANG_WARN_RANGE_LOOP_ANALYSIS = YES;
				CLANG_WARN_STRICT_PROTOTYPES = YES;
				CLANG_WARN_SUSPICIOUS_MOVE = YES;
				CLANG_WARN_UNGUARDED_AVAILABILITY = YES_AGGRESSIVE;
				CLANG_WARN_UNREACHABLE_CODE = YES;
				CLANG_WARN__DUPLICATE_METHOD_MATCH = YES;
				COPY_PHASE_STRIP = NO;
				DEBUG_INFORMATION_FORMAT = "dwarf-with-dsym";
				ENABLE_NS_ASSERTIONS = NO;
				ENABLE_STRICT_OBJC_MSGSEND = YES;
				GCC_C_LANGUAGE_STANDARD = gnu11;
				GCC_NO_COMMON_BLOCKS = YES;
				GCC_WARN_64_TO_32_BIT_CONVERSION = YES;
				GCC_WARN_ABOUT_RETURN_TYPE = YES_ERROR;
				GCC_WARN_UNDECLARED_SELECTOR = YES;
				GCC_WARN_UNINITIALIZED_AUTOS = YES_AGGRESSIVE;
				GCC_WARN_UNUSED_FUNCTION = YES;
				GCC_WARN_UNUSED_VARIABLE = YES;
				IPHONEOS_DEPLOYMENT_TARGET = 14.4;
				MTL_ENABLE_DEBUG_INFO = NO;
				MTL_FAST_MATH = YES;
				SDKROOT = iphoneos;
				SWIFT_COMPILATION_MODE = wholemodule;
				SWIFT_OPTIMIZATION_LEVEL = "-O";
				VALIDATE_PRODUCT = YES;
			};
			name = Release;
		};
		F47220A726EA23AD00576190 /* Debug */ = {
			isa = XCBuildConfiguration;
			buildSettings = {
				ASSETCATALOG_COMPILER_APPICON_NAME = AppIcon;
				ASSETCATALOG_COMPILER_GLOBAL_ACCENT_COLOR_NAME = AccentColor;
				CODE_SIGN_STYLE = Automatic;
				INFOPLIST_FILE = "iOS-EVAL-4/Info.plist";
				LD_RUNPATH_SEARCH_PATHS = (
					"$(inherited)",
					"@executable_path/Frameworks",
				);
				PRODUCT_BUNDLE_IDENTIFIER = "be.technifutur.pierre.iOS-EVAL-4";
				PRODUCT_NAME = "$(TARGET_NAME)";
				SWIFT_VERSION = 5.0;
				TARGETED_DEVICE_FAMILY = "1,2";
			};
			name = Debug;
		};
		F47220A826EA23AD00576190 /* Release */ = {
			isa = XCBuildConfiguration;
			buildSettings = {
				ASSETCATALOG_COMPILER_APPICON_NAME = AppIcon;
				ASSETCATALOG_COMPILER_GLOBAL_ACCENT_COLOR_NAME = AccentColor;
				CODE_SIGN_STYLE = Automatic;
				INFOPLIST_FILE = "iOS-EVAL-4/Info.plist";
				LD_RUNPATH_SEARCH_PATHS = (
					"$(inherited)",
					"@executable_path/Frameworks",
				);
				PRODUCT_BUNDLE_IDENTIFIER = "be.technifutur.pierre.iOS-EVAL-4";
				PRODUCT_NAME = "$(TARGET_NAME)";
				SWIFT_VERSION = 5.0;
				TARGETED_DEVICE_FAMILY = "1,2";
			};
			name = Release;
		};
/* End XCBuildConfiguration section */

/* Begin XCConfigurationList section */
		F472208D26EA23AB00576190 /* Build configuration list for PBXProject "iOS-EVAL-4" */ = {
			isa = XCConfigurationList;
			buildConfigurations = (
				F47220A426EA23AD00576190 /* Debug */,
				F47220A526EA23AD00576190 /* Release */,
			);
			defaultConfigurationIsVisible = 0;
			defaultConfigurationName = Release;
		};
		F47220A626EA23AD00576190 /* Build configuration list for PBXNativeTarget "iOS-EVAL-4" */ = {
			isa = XCConfigurationList;
			buildConfigurations = (
				F47220A726EA23AD00576190 /* Debug */,
				F47220A826EA23AD00576190 /* Release */,
			);
			defaultConfigurationIsVisible = 0;
			defaultConfigurationName = Release;
		};
/* End XCConfigurationList section */

/* Begin XCVersionGroup section */
		F47220AA26EA24C300576190 /* Model.xcdatamodeld */ = {
			isa = XCVersionGroup;
			children = (
				F47220AB26EA24C300576190 /* Model.xcdatamodel */,
			);
			currentVersion = F47220AB26EA24C300576190 /* Model.xcdatamodel */;
			path = Model.xcdatamodeld;
			sourceTree = "<group>";
			versionGroupType = wrapper.xcdatamodel;
		};
/* End XCVersionGroup section */
	};
	rootObject = F472208A26EA23AB00576190 /* Project object */;
}
